
Microsoft Visual Studio Solution File, Format Version 12.00
# Visual Studio Version 17
VisualStudioVersion = 17.14.36915.13 d17.14
MinimumVisualStudioVersion = 10.0.40219.1
Project("{8BC9CEB8-8B4A-11D0-8D11-00A0C91BC942}") = "Exceptions Test", "Exceptions Test\Exceptions Test.vcxproj", "{ED3DD24F-9839-4526-A86D-C1C981FDC87A}"
EndProject
Global
	GlobalSection(SolutionConfigurationPlatforms) = preSolution
		Debug|x64 = Debug|x64
		Debug|x86 = Debug|x86
		Release|x64 = Release|x64
		Release|x86 = Release|x86
	EndGlobalSection
	GlobalSection(ProjectConfigurationPlatforms) = postSolution
		{ED3DD24F-9839-4526-A86D-C1C981FDC87A}.Debug|x64.ActiveCfg = Debug|x64
		{ED3DD24F-9839-4526-A86D-C1C981FDC87A}.Debug|x64.Build.0 = Debug|x64
		{ED3DD24F-9839-4526-A86D-C1C981FDC87A}.Debug|x86.ActiveCfg = Debug|Win32
		{ED3DD24F-9839-4526-A86D-C1C981FDC87A}.Debug|x86.Build.0 = Debug|Win32
		{ED3DD24F-9839-4526-A86D-C1C981FDC87A}.Release|x64.ActiveCfg = Release|x64
		{ED3DD24F-9839-4526-A86D-C1C981FDC87A}.Release|x64.Build.0 = Release|x64
		{ED3DD24F-9839-4526-A86D-C1C981FDC87A}.Release|x86.ActiveCfg = Release|Win32
		{ED3DD24F-9839-4526-A86D-C1C981FDC87A}.Release|x86.Build.0 = Release|Win32
	EndGlobalSection
	GlobalSection(SolutionProperties) = preSolution
		HideSolutionNode = FALSE
	EndGlobalSection
	GlobalSection(ExtensibilityGlobals) = postSolution
		SolutionGuid = {BF9A860B-6F63-46B2-BA66-EE5A5B1350DF}
	EndGlobalSection
EndGlobal
